<?xml version="1.0" encoding="utf-8"?>
<Project ToolsVersion="4.0" xmlns="http://schemas.microsoft.com/developer/msbuild/2003">
  <ItemGroup>
    <Filter Include="Source files">
      <UniqueIdentifier>{fd4aca1b-5db9-41aa-bf94-0b84d0ee250b}</UniqueIdentifier>
      <Extensions>cpp;c;cc;cxx;def;odl;idl;hpj;bat;asm;asmx</Extensions>
    </Filter>
    <Filter Include="Header files">
      <UniqueIdentifier>{a67de641-169f-4884-b211-fa9421b207f0}</UniqueIdentifier>
      <Extensions>h;hpp;hxx;hm;inl;inc;xsd</Extensions>
    </Filter>
    <Filter Include="Resource files">
      <UniqueIdentifier>{1e10f310-45f1-4aff-b993-f094f75a84d1}</UniqueIdentifier>
      <Extensions>rc;ico;cur;bmp;dlg;rc2;rct;bin;rgs;gif;jpg;jpeg;jpe;resx;tiff;tif;png;wav</Extensions>
    </Filter>
    <Filter Include="Make files">
      <UniqueIdentifier>{916f6749-7fb7-4f95-9aa1-fde5b2140275}</UniqueIdentifier>
      <Extensions>*.mak</Extensions>
    </Filter>
  </ItemGroup>
  <ItemGroup>
    <None Include="Makefile" />
    <None Include="debug.mak">
      <Filter>Make files</Filter>
    </None>
    <None Include="release.mak">
      <Filter>Make files</Filter>
    </None>
  </ItemGroup>
  <ItemGroup>
    <ClCompile Include="main.cpp">
      <Filter>Source files</Filter>
    </ClCompile>
    <ClCompile Include="BroadcastThread.cpp">
      <Filter>Source files</Filter>
    </ClCompile>
    <ClCompile Include="CMD.cpp">
      <Filter>Source files</Filter>
    </ClCompile>
    <ClCompile Include="ConnectedClientThread.cpp">
      <Filter>Source files</Filter>
    </ClCompile>
    <ClCompile Include="ConnectionThread.cpp">
      <Filter>Source files</Filter>
    </ClCompile>
    <ClCompile Include="Parser.cpp">
      <Filter>Source files</Filter>
    </ClCompile>
    <ClCompile Include="TCPServerThread.cpp">
      <Filter>Source files</Filter>
    </ClCompile>
    <ClCompile Include="TheApp.cpp">
      <Filter>Source files</Filter>
    </ClCompile>
    <ClCompile Include="Thread.cpp">
      <Filter>Source files</Filter>
    </ClCompile>
    <ClCompile Include="CMDifconfig.cpp">
      <Filter>Source files</Filter>
    </ClCompile>
  </ItemGroup>
  <ItemGroup>
    <ClInclude Include="BroadcastThread.h">
      <Filter>Header files</Filter>
    </ClInclude>
    <ClInclude Include="CMD.h">
      <Filter>Header files</Filter>
    </ClInclude>
    <ClInclude Include="ConnectedClientThread.h">
      <Filter>Header files</Filter>
    </ClInclude>
    <ClInclude Include="ConnectionThread.h">
      <Filter>Header files</Filter>
    </ClInclude>
    <ClInclude Include="gcc_Debug.h">
      <Filter>Header files</Filter>
    </ClInclude>
    <ClInclude Include="gcc_Release.h">
      <Filter>Header files</Filter>
    </ClInclude>
    <ClInclude Include="Parser.h">
      <Filter>Header files</Filter>
    </ClInclude>
    <ClInclude Include="TCPServerThread.h">
      <Filter>Header files</Filter>
    </ClInclude>
    <ClInclude Include="TheApp.h">
      <Filter>Header files</Filter>
    </ClInclude>
    <ClInclude Include="Thread.h">
      <Filter>Header files</Filter>
    </ClInclude>
    <ClInclude Include="UtilityFn.h">
      <Filter>Header files</Filter>
    </ClInclude>
    <ClInclude Include="CMDifconfig.h">
      <Filter>Header files</Filter>
    </ClInclude>
  </ItemGroup>
</Project>