<?xml version="1.0" encoding="utf-8"?>
<Project ToolsVersion="4.0" xmlns="http://schemas.microsoft.com/developer/msbuild/2003">
  <ItemGroup>
    <Filter Include="Source files">
      <UniqueIdentifier>{90a4ddf6-3e09-4abf-82d5-00c80bb2c390}</UniqueIdentifier>
      <Extensions>cpp;c;cc;cxx;def;odl;idl;hpj;bat;asm;asmx</Extensions>
    </Filter>
    <Filter Include="Header files">
      <UniqueIdentifier>{d57f6c0e-d800-454a-9182-a069d0b314a2}</UniqueIdentifier>
      <Extensions>h;hpp;hxx;hm;inl;inc;xsd</Extensions>
    </Filter>
    <Filter Include="Resource files">
      <UniqueIdentifier>{47a36507-03a0-4806-a69d-b98a3b11f1e4}</UniqueIdentifier>
      <Extensions>rc;ico;cur;bmp;dlg;rc2;rct;bin;rgs;gif;jpg;jpeg;jpe;resx;tiff;tif;png;wav</Extensions>
    </Filter>
    <Filter Include="Make files">
      <UniqueIdentifier>{4b69ca19-192b-4926-94f0-bb9e46f9da8d}</UniqueIdentifier>
      <Extensions>*.mak</Extensions>
    </Filter>
  </ItemGroup>
  <ItemGroup>
    <ClCompile Include="ConnectedClientThread.cpp">
      <Filter>Source files</Filter>
    </ClCompile>
    <ClCompile Include="TheApp.cpp">
      <Filter>Source files</Filter>
    </ClCompile>
    <ClCompile Include="..\tcPIp_Sockets\BroadcastThread.cpp">
      <Filter>Source files</Filter>
    </ClCompile>
    <ClCompile Include="..\tcPIp_Sockets\CMD.cpp">
      <Filter>Source files</Filter>
    </ClCompile>
    <ClCompile Include="..\tcPIp_Sockets\CMDifconfig.cpp">
      <Filter>Source files</Filter>
    </ClCompile>
    <ClCompile Include="..\tcPIp_Sockets\ConnectionThread.cpp">
      <Filter>Source files</Filter>
    </ClCompile>
    <ClCompile Include="..\tcPIp_Sockets\Parser.cpp">
      <Filter>Source files</Filter>
    </ClCompile>
    <ClCompile Include="..\tcPIp_Sockets\TCPServerThread.cpp">
      <Filter>Source files</Filter>
    </ClCompile>
    <ClCompile Include="..\tcPIp_Sockets\Thread.cpp">
      <Filter>Source files</Filter>
    </ClCompile>
    <ClCompile Include="main.cpp">
      <Filter>Source files</Filter>
    </ClCompile>
  </ItemGroup>
  <ItemGroup>
    <None Include="Makefile" />
    <None Include="debug.mak">
      <Filter>Make files</Filter>
    </None>
    <None Include="release.mak">
      <Filter>Make files</Filter>
    </None>
  </ItemGroup>
  <ItemGroup>
    <ClInclude Include="ConnectedClientThread.h">
      <Filter>Header files</Filter>
    </ClInclude>
    <ClInclude Include="TheApp.h">
      <Filter>Header files</Filter>
    </ClInclude>
    <ClInclude Include="..\tcPIp_Sockets\BroadcastThread.h">
      <Filter>Header files</Filter>
    </ClInclude>
    <ClInclude Include="..\tcPIp_Sockets\CMD.h">
      <Filter>Header files</Filter>
    </ClInclude>
    <ClInclude Include="..\tcPIp_Sockets\CMDifconfig.h">
      <Filter>Header files</Filter>
    </ClInclude>
    <ClInclude Include="..\tcPIp_Sockets\ConnectionThread.h">
      <Filter>Header files</Filter>
    </ClInclude>
    <ClInclude Include="..\tcPIp_Sockets\Parser.h">
      <Filter>Header files</Filter>
    </ClInclude>
    <ClInclude Include="..\tcPIp_Sockets\TCPServerThread.h">
      <Filter>Header files</Filter>
    </ClInclude>
    <ClInclude Include="..\tcPIp_Sockets\Thread.h">
      <Filter>Header files</Filter>
    </ClInclude>
    <ClInclude Include="..\tcPIp_Sockets\UtilityFn.h">
      <Filter>Header files</Filter>
    </ClInclude>
  </ItemGroup>
</Project>